
Microsoft Visual Studio Solution File, Format Version 12.00
# Visual Studio Version 17
VisualStudioVersion = 17.3.32929.385
MinimumVisualStudioVersion = 10.0.40219.1
Project("{FAE04EC0-301F-11D3-BF4B-00C04F79EFBC}") = "OOP_Constructors.NET5.0", "OOP_Constructors.NET5.0\OOP_Constructors.NET5.0.csproj", "{7D007525-F668-49D0-B5D5-A71550EDC465}"
EndProject
Global
	GlobalSection(SolutionConfigurationPlatforms) = preSolution
		Debug|Any CPU = Debug|Any CPU
		Release|Any CPU = Release|Any CPU
	EndGlobalSection
	GlobalSection(ProjectConfigurationPlatforms) = postSolution
		{7D007525-F668-49D0-B5D5-A71550EDC465}.Debug|Any CPU.ActiveCfg = Debug|Any CPU
		{7D007525-F668-49D0-B5D5-A71550EDC465}.Debug|Any CPU.Build.0 = Debug|Any CPU
		{7D007525-F668-49D0-B5D5-A71550EDC465}.Release|Any CPU.ActiveCfg = Release|Any CPU
		{7D007525-F668-49D0-B5D5-A71550EDC465}.Release|Any CPU.Build.0 = Release|Any CPU
	EndGlobalSection
	GlobalSection(SolutionProperties) = preSolution
		HideSolutionNode = FALSE
	EndGlobalSection
	GlobalSection(ExtensibilityGlobals) = postSolution
		SolutionGuid = {905528CC-73D9-44D2-B2A2-C8520834F5C4}
	EndGlobalSection
EndGlobal
